
Microsoft Visual Studio Solution File, Format Version 12.00
# Visual Studio Version 16
VisualStudioVersion = 16.0.32228.343
MinimumVisualStudioVersion = 10.0.40219.1
Project("{FAE04EC0-301F-11D3-BF4B-00C04F79EFBC}") = "NetBlog", "NetBlog\NetBlog.csproj", "{A004284C-0145-485F-B9FC-E854BA194F87}"
EndProject
Project("{FAE04EC0-301F-11D3-BF4B-00C04F79EFBC}") = "Entity", "Entity\Entity.csproj", "{5A1EA0D7-40C9-407A-8D0E-0E8BDC826F4B}"
EndProject
Project("{FAE04EC0-301F-11D3-BF4B-00C04F79EFBC}") = "DataAccessLayer", "DataAccessLayer\DataAccessLayer.csproj", "{AF87D8EB-223D-48F5-9C48-4019F61F1C29}"
EndProject
Project("{FAE04EC0-301F-11D3-BF4B-00C04F79EFBC}") = "BusinessLayer", "BusinessLayer\BusinessLayer.csproj", "{DF1508DF-2B88-4915-8459-54071C60FD59}"
EndProject
Project("{FAE04EC0-301F-11D3-BF4B-00C04F79EFBC}") = "CoreLayer", "CoreLayer\CoreLayer.csproj", "{0B61DEF9-4E6F-470D-86DE-AE9EFD3ED3EF}"
EndProject
Global
	GlobalSection(SolutionConfigurationPlatforms) = preSolution
		Debug|Any CPU = Debug|Any CPU
		Release|Any CPU = Release|Any CPU
	EndGlobalSection
	GlobalSection(ProjectConfigurationPlatforms) = postSolution
		{A004284C-0145-485F-B9FC-E854BA194F87}.Debug|Any CPU.ActiveCfg = Debug|Any CPU
		{A004284C-0145-485F-B9FC-E854BA194F87}.Debug|Any CPU.Build.0 = Debug|Any CPU
		{A004284C-0145-485F-B9FC-E854BA194F87}.Release|Any CPU.ActiveCfg = Release|Any CPU
		{A004284C-0145-485F-B9FC-E854BA194F87}.Release|Any CPU.Build.0 = Release|Any CPU
		{5A1EA0D7-40C9-407A-8D0E-0E8BDC826F4B}.Debug|Any CPU.ActiveCfg = Debug|Any CPU
		{5A1EA0D7-40C9-407A-8D0E-0E8BDC826F4B}.Debug|Any CPU.Build.0 = Debug|Any CPU
		{5A1EA0D7-40C9-407A-8D0E-0E8BDC826F4B}.Release|Any CPU.ActiveCfg = Release|Any CPU
		{5A1EA0D7-40C9-407A-8D0E-0E8BDC826F4B}.Release|Any CPU.Build.0 = Release|Any CPU
		{AF87D8EB-223D-48F5-9C48-4019F61F1C29}.Debug|Any CPU.ActiveCfg = Debug|Any CPU
		{AF87D8EB-223D-48F5-9C48-4019F61F1C29}.Debug|Any CPU.Build.0 = Debug|Any CPU
		{AF87D8EB-223D-48F5-9C48-4019F61F1C29}.Release|Any CPU.ActiveCfg = Release|Any CPU
		{AF87D8EB-223D-48F5-9C48-4019F61F1C29}.Release|Any CPU.Build.0 = Release|Any CPU
		{DF1508DF-2B88-4915-8459-54071C60FD59}.Debug|Any CPU.ActiveCfg = Debug|Any CPU
		{DF1508DF-2B88-4915-8459-54071C60FD59}.Debug|Any CPU.Build.0 = Debug|Any CPU
		{DF1508DF-2B88-4915-8459-54071C60FD59}.Release|Any CPU.ActiveCfg = Release|Any CPU
		{DF1508DF-2B88-4915-8459-54071C60FD59}.Release|Any CPU.Build.0 = Release|Any CPU
		{0B61DEF9-4E6F-470D-86DE-AE9EFD3ED3EF}.Debug|Any CPU.ActiveCfg = Debug|Any CPU
		{0B61DEF9-4E6F-470D-86DE-AE9EFD3ED3EF}.Debug|Any CPU.Build.0 = Debug|Any CPU
		{0B61DEF9-4E6F-470D-86DE-AE9EFD3ED3EF}.Release|Any CPU.ActiveCfg = Release|Any CPU
		{0B61DEF9-4E6F-470D-86DE-AE9EFD3ED3EF}.Release|Any CPU.Build.0 = Release|Any CPU
	EndGlobalSection
	GlobalSection(SolutionProperties) = preSolution
		HideSolutionNode = FALSE
	EndGlobalSection
	GlobalSection(ExtensibilityGlobals) = postSolution
		SolutionGuid = {441C66AF-4BAE-41A4-8219-096591873F5D}
	EndGlobalSection
EndGlobal
